
Microsoft Visual Studio Solution File, Format Version 12.00
# Visual Studio 15
VisualStudioVersion = 15.0.28307.102
MinimumVisualStudioVersion = 10.0.40219.1
Project("{FAE04EC0-301F-11D3-BF4B-00C04F79EFBC}") = "MedicineSchedulingApp", "MedicineSchedulingApp.csproj", "{14E5FF66-F1A3-4760-BEB7-A85047E47FAA}"
EndProject
Project("{2150E333-8FDC-42A3-9474-1A3956D46DE8}") = "Solution Items", "Solution Items", "{63F949AF-722D-471A-AEE8-2313A702675A}"
EndProject
Project("{2150E333-8FDC-42A3-9474-1A3956D46DE8}") = "img", "img", "{9B0675B4-9943-4FAF-8C6D-A164597CD0FD}"
	ProjectSection(SolutionItems) = preProject
		..\..\..\..\Downloads\lecturer.png = ..\..\..\..\Downloads\lecturer.png
		..\..\..\..\Downloads\lecturer3.png = ..\..\..\..\Downloads\lecturer3.png
		..\..\..\..\Downloads\lecturer4.png = ..\..\..\..\Downloads\lecturer4.png
		..\..\..\..\Downloads\modules2.png = ..\..\..\..\Downloads\modules2.png
		..\..\..\..\Downloads\staff.png = ..\..\..\..\Downloads\staff.png
		..\..\..\..\Downloads\venues.png = ..\..\..\..\Downloads\venues.png
	EndProjectSection
EndProject
Global
	GlobalSection(SolutionConfigurationPlatforms) = preSolution
		Debug|Any CPU = Debug|Any CPU
		Release|Any CPU = Release|Any CPU
	EndGlobalSection
	GlobalSection(ProjectConfigurationPlatforms) = postSolution
		{14E5FF66-F1A3-4760-BEB7-A85047E47FAA}.Debug|Any CPU.ActiveCfg = Debug|Any CPU
		{14E5FF66-F1A3-4760-BEB7-A85047E47FAA}.Debug|Any CPU.Build.0 = Debug|Any CPU
		{14E5FF66-F1A3-4760-BEB7-A85047E47FAA}.Release|Any CPU.ActiveCfg = Release|Any CPU
		{14E5FF66-F1A3-4760-BEB7-A85047E47FAA}.Release|Any CPU.Build.0 = Release|Any CPU
	EndGlobalSection
	GlobalSection(SolutionProperties) = preSolution
		HideSolutionNode = FALSE
	EndGlobalSection
	GlobalSection(NestedProjects) = preSolution
		{9B0675B4-9943-4FAF-8C6D-A164597CD0FD} = {63F949AF-722D-471A-AEE8-2313A702675A}
	EndGlobalSection
	GlobalSection(ExtensibilityGlobals) = postSolution
		SolutionGuid = {1BAC2033-FCEB-4CEC-B42E-75A10722E944}
	EndGlobalSection
EndGlobal
